
Microsoft Visual Studio Solution File, Format Version 12.00
# Visual Studio Version 17
VisualStudioVersion = 17.0.32112.339
MinimumVisualStudioVersion = 10.0.40219.1
Project("{FAE04EC0-301F-11D3-BF4B-00C04F79EFBC}") = "ConsoleApp1", "ConsoleApp1\ConsoleApp1.csproj", "{BA943C23-3FA7-436F-8101-238F0A1BD4FF}"
EndProject
Global
	GlobalSection(SolutionConfigurationPlatforms) = preSolution
		Debug|Any CPU = Debug|Any CPU
		Release|Any CPU = Release|Any CPU
	EndGlobalSection
	GlobalSection(ProjectConfigurationPlatforms) = postSolution
		{BA943C23-3FA7-436F-8101-238F0A1BD4FF}.Debug|Any CPU.ActiveCfg = Debug|Any CPU
		{BA943C23-3FA7-436F-8101-238F0A1BD4FF}.Debug|Any CPU.Build.0 = Debug|Any CPU
		{BA943C23-3FA7-436F-8101-238F0A1BD4FF}.Release|Any CPU.ActiveCfg = Release|Any CPU
		{BA943C23-3FA7-436F-8101-238F0A1BD4FF}.Release|Any CPU.Build.0 = Release|Any CPU
	EndGlobalSection
	GlobalSection(SolutionProperties) = preSolution
		HideSolutionNode = FALSE
	EndGlobalSection
	GlobalSection(ExtensibilityGlobals) = postSolution
		SolutionGuid = {FE15A71E-298A-41F6-81C3-0519598B30D7}
	EndGlobalSection
EndGlobal
